
Microsoft Visual Studio Solution File, Format Version 12.00
# Visual Studio 2012
Project("{FAE04EC0-301F-11D3-BF4B-00C04F79EFBC}") = "300702887", "300702887\300702887.csproj", "{DF351699-C47A-43C0-9914-57297FAABBD6}"
EndProject
Global
	GlobalSection(SolutionConfigurationPlatforms) = preSolution
		Debug|Any CPU = Debug|Any CPU
		Release|Any CPU = Release|Any CPU
	EndGlobalSection
	GlobalSection(ProjectConfigurationPlatforms) = postSolution
		{DF351699-C47A-43C0-9914-57297FAABBD6}.Debug|Any CPU.ActiveCfg = Debug|Any CPU
		{DF351699-C47A-43C0-9914-57297FAABBD6}.Debug|Any CPU.Build.0 = Debug|Any CPU
		{DF351699-C47A-43C0-9914-57297FAABBD6}.Release|Any CPU.ActiveCfg = Release|Any CPU
		{DF351699-C47A-43C0-9914-57297FAABBD6}.Release|Any CPU.Build.0 = Release|Any CPU
	EndGlobalSection
	GlobalSection(SolutionProperties) = preSolution
		HideSolutionNode = FALSE
	EndGlobalSection
EndGlobal
